
Microsoft Visual Studio Solution File, Format Version 12.00
# Visual Studio 15
VisualStudioVersion = 15.0.27130.2003
MinimumVisualStudioVersion = 10.0.40219.1
Project("{FAE04EC0-301F-11D3-BF4B-00C04F79EFBC}") = "ChatApp", "ChatApp\ChatApp.csproj", "{8C54A2F8-FD0D-47C1-A056-B75C828A311A}"
	ProjectSection(ProjectDependencies) = postProject
		{269C31D9-E9B6-432B-92F7-3F2B0E11292A} = {269C31D9-E9B6-432B-92F7-3F2B0E11292A}
	EndProjectSection
EndProject
Project("{FAE04EC0-301F-11D3-BF4B-00C04F79EFBC}") = "dotSpace", "dotSpace\dotSpace\dotSpace.csproj", "{EA07D9C8-E59A-4C8F-BD98-1EC1EECD3351}"
EndProject
Project("{FAE04EC0-301F-11D3-BF4B-00C04F79EFBC}") = "PdfHandler", "PdfHandler\PdfHandler.csproj", "{C835E8CD-4D73-4DE1-93C3-3B55C3A91AFD}"
EndProject
Project("{FAE04EC0-301F-11D3-BF4B-00C04F79EFBC}") = "DistributedConferenceGUI", "WpfApplication1\DistributedConferenceGUI.csproj", "{882FC1CE-C3CB-45F2-AED0-66F47115B873}"
EndProject
Project("{FAE04EC0-301F-11D3-BF4B-00C04F79EFBC}") = "SlideCoordination", "SlideCommunication\SlideCoordination.csproj", "{8B689B6A-0A73-4A72-9EA8-2A89F77237FA}"
EndProject
Project("{FAE04EC0-301F-11D3-BF4B-00C04F79EFBC}") = "LoginServer", "LoginServer\LoginServer.csproj", "{004F2EEC-9D5C-43FE-8E9A-FAE2E956F35B}"
EndProject
Project("{FAE04EC0-301F-11D3-BF4B-00C04F79EFBC}") = "Conference", "Conference\Conference.csproj", "{80EF452B-6F90-406B-9E85-8EF211A14A0E}"
EndProject
Project("{FAE04EC0-301F-11D3-BF4B-00C04F79EFBC}") = "UnitTests", "NamingToolsTests\UnitTests.csproj", "{7BC59604-D3CB-4F19-ACD5-FCE184CB5ADE}"
EndProject
Project("{FAE04EC0-301F-11D3-BF4B-00C04F79EFBC}") = "_Resources", "_Resources\_Resources.csproj", "{F481961E-64A0-4E98-B3AA-E7DC196F77B9}"
EndProject
Project("{FAE04EC0-301F-11D3-BF4B-00C04F79EFBC}") = "_Utilities", "ProjectUtilities\_Utilities.csproj", "{269C31D9-E9B6-432B-92F7-3F2B0E11292A}"
EndProject
Global
	GlobalSection(SolutionConfigurationPlatforms) = preSolution
		Debug|Any CPU = Debug|Any CPU
		Release|Any CPU = Release|Any CPU
		Run|Any CPU = Run|Any CPU
	EndGlobalSection
	GlobalSection(ProjectConfigurationPlatforms) = postSolution
		{8C54A2F8-FD0D-47C1-A056-B75C828A311A}.Debug|Any CPU.ActiveCfg = Debug|Any CPU
		{8C54A2F8-FD0D-47C1-A056-B75C828A311A}.Debug|Any CPU.Build.0 = Debug|Any CPU
		{8C54A2F8-FD0D-47C1-A056-B75C828A311A}.Release|Any CPU.ActiveCfg = Release|Any CPU
		{8C54A2F8-FD0D-47C1-A056-B75C828A311A}.Release|Any CPU.Build.0 = Release|Any CPU
		{8C54A2F8-FD0D-47C1-A056-B75C828A311A}.Run|Any CPU.ActiveCfg = Run|Any CPU
		{8C54A2F8-FD0D-47C1-A056-B75C828A311A}.Run|Any CPU.Build.0 = Run|Any CPU
		{EA07D9C8-E59A-4C8F-BD98-1EC1EECD3351}.Debug|Any CPU.ActiveCfg = Debug|Any CPU
		{EA07D9C8-E59A-4C8F-BD98-1EC1EECD3351}.Debug|Any CPU.Build.0 = Debug|Any CPU
		{EA07D9C8-E59A-4C8F-BD98-1EC1EECD3351}.Release|Any CPU.ActiveCfg = Release|Any CPU
		{EA07D9C8-E59A-4C8F-BD98-1EC1EECD3351}.Release|Any CPU.Build.0 = Release|Any CPU
		{EA07D9C8-E59A-4C8F-BD98-1EC1EECD3351}.Run|Any CPU.ActiveCfg = Release|Any CPU
		{EA07D9C8-E59A-4C8F-BD98-1EC1EECD3351}.Run|Any CPU.Build.0 = Release|Any CPU
		{C835E8CD-4D73-4DE1-93C3-3B55C3A91AFD}.Debug|Any CPU.ActiveCfg = Debug|Any CPU
		{C835E8CD-4D73-4DE1-93C3-3B55C3A91AFD}.Debug|Any CPU.Build.0 = Debug|Any CPU
		{C835E8CD-4D73-4DE1-93C3-3B55C3A91AFD}.Release|Any CPU.ActiveCfg = Release|Any CPU
		{C835E8CD-4D73-4DE1-93C3-3B55C3A91AFD}.Release|Any CPU.Build.0 = Release|Any CPU
		{C835E8CD-4D73-4DE1-93C3-3B55C3A91AFD}.Run|Any CPU.ActiveCfg = Release|Any CPU
		{C835E8CD-4D73-4DE1-93C3-3B55C3A91AFD}.Run|Any CPU.Build.0 = Release|Any CPU
		{882FC1CE-C3CB-45F2-AED0-66F47115B873}.Debug|Any CPU.ActiveCfg = Debug|Any CPU
		{882FC1CE-C3CB-45F2-AED0-66F47115B873}.Debug|Any CPU.Build.0 = Debug|Any CPU
		{882FC1CE-C3CB-45F2-AED0-66F47115B873}.Release|Any CPU.ActiveCfg = Release|Any CPU
		{882FC1CE-C3CB-45F2-AED0-66F47115B873}.Release|Any CPU.Build.0 = Release|Any CPU
		{882FC1CE-C3CB-45F2-AED0-66F47115B873}.Run|Any CPU.ActiveCfg = Release|Any CPU
		{882FC1CE-C3CB-45F2-AED0-66F47115B873}.Run|Any CPU.Build.0 = Release|Any CPU
		{8B689B6A-0A73-4A72-9EA8-2A89F77237FA}.Debug|Any CPU.ActiveCfg = Debug|Any CPU
		{8B689B6A-0A73-4A72-9EA8-2A89F77237FA}.Debug|Any CPU.Build.0 = Debug|Any CPU
		{8B689B6A-0A73-4A72-9EA8-2A89F77237FA}.Release|Any CPU.ActiveCfg = Release|Any CPU
		{8B689B6A-0A73-4A72-9EA8-2A89F77237FA}.Release|Any CPU.Build.0 = Release|Any CPU
		{8B689B6A-0A73-4A72-9EA8-2A89F77237FA}.Run|Any CPU.ActiveCfg = Release|Any CPU
		{8B689B6A-0A73-4A72-9EA8-2A89F77237FA}.Run|Any CPU.Build.0 = Release|Any CPU
		{004F2EEC-9D5C-43FE-8E9A-FAE2E956F35B}.Debug|Any CPU.ActiveCfg = Debug|Any CPU
		{004F2EEC-9D5C-43FE-8E9A-FAE2E956F35B}.Debug|Any CPU.Build.0 = Debug|Any CPU
		{004F2EEC-9D5C-43FE-8E9A-FAE2E956F35B}.Release|Any CPU.ActiveCfg = Release|Any CPU
		{004F2EEC-9D5C-43FE-8E9A-FAE2E956F35B}.Release|Any CPU.Build.0 = Release|Any CPU
		{004F2EEC-9D5C-43FE-8E9A-FAE2E956F35B}.Run|Any CPU.ActiveCfg = Run|Any CPU
		{004F2EEC-9D5C-43FE-8E9A-FAE2E956F35B}.Run|Any CPU.Build.0 = Run|Any CPU
		{80EF452B-6F90-406B-9E85-8EF211A14A0E}.Debug|Any CPU.ActiveCfg = Debug|Any CPU
		{80EF452B-6F90-406B-9E85-8EF211A14A0E}.Debug|Any CPU.Build.0 = Debug|Any CPU
		{80EF452B-6F90-406B-9E85-8EF211A14A0E}.Release|Any CPU.ActiveCfg = Release|Any CPU
		{80EF452B-6F90-406B-9E85-8EF211A14A0E}.Release|Any CPU.Build.0 = Release|Any CPU
		{80EF452B-6F90-406B-9E85-8EF211A14A0E}.Run|Any CPU.ActiveCfg = Release|Any CPU
		{80EF452B-6F90-406B-9E85-8EF211A14A0E}.Run|Any CPU.Build.0 = Release|Any CPU
		{7BC59604-D3CB-4F19-ACD5-FCE184CB5ADE}.Debug|Any CPU.ActiveCfg = Debug|Any CPU
		{7BC59604-D3CB-4F19-ACD5-FCE184CB5ADE}.Debug|Any CPU.Build.0 = Debug|Any CPU
		{7BC59604-D3CB-4F19-ACD5-FCE184CB5ADE}.Release|Any CPU.ActiveCfg = Release|Any CPU
		{7BC59604-D3CB-4F19-ACD5-FCE184CB5ADE}.Release|Any CPU.Build.0 = Release|Any CPU
		{7BC59604-D3CB-4F19-ACD5-FCE184CB5ADE}.Run|Any CPU.ActiveCfg = Release|Any CPU
		{7BC59604-D3CB-4F19-ACD5-FCE184CB5ADE}.Run|Any CPU.Build.0 = Release|Any CPU
		{F481961E-64A0-4E98-B3AA-E7DC196F77B9}.Debug|Any CPU.ActiveCfg = Debug|Any CPU
		{F481961E-64A0-4E98-B3AA-E7DC196F77B9}.Debug|Any CPU.Build.0 = Debug|Any CPU
		{F481961E-64A0-4E98-B3AA-E7DC196F77B9}.Release|Any CPU.ActiveCfg = Release|Any CPU
		{F481961E-64A0-4E98-B3AA-E7DC196F77B9}.Release|Any CPU.Build.0 = Release|Any CPU
		{F481961E-64A0-4E98-B3AA-E7DC196F77B9}.Run|Any CPU.ActiveCfg = Release|Any CPU
		{F481961E-64A0-4E98-B3AA-E7DC196F77B9}.Run|Any CPU.Build.0 = Release|Any CPU
		{269C31D9-E9B6-432B-92F7-3F2B0E11292A}.Debug|Any CPU.ActiveCfg = Debug|Any CPU
		{269C31D9-E9B6-432B-92F7-3F2B0E11292A}.Debug|Any CPU.Build.0 = Debug|Any CPU
		{269C31D9-E9B6-432B-92F7-3F2B0E11292A}.Release|Any CPU.ActiveCfg = Release|Any CPU
		{269C31D9-E9B6-432B-92F7-3F2B0E11292A}.Release|Any CPU.Build.0 = Release|Any CPU
		{269C31D9-E9B6-432B-92F7-3F2B0E11292A}.Run|Any CPU.ActiveCfg = Release|Any CPU
		{269C31D9-E9B6-432B-92F7-3F2B0E11292A}.Run|Any CPU.Build.0 = Release|Any CPU
	EndGlobalSection
	GlobalSection(SolutionProperties) = preSolution
		HideSolutionNode = FALSE
	EndGlobalSection
	GlobalSection(ExtensibilityGlobals) = postSolution
		SolutionGuid = {C9D2AE05-6767-488E-BDC7-E103DD5F0935}
	EndGlobalSection
EndGlobal
