
Microsoft Visual Studio Solution File, Format Version 12.00
# Visual Studio 15
VisualStudioVersion = 15.0.27130.2003
MinimumVisualStudioVersion = 10.0.40219.1
Project("{FAE04EC0-301F-11D3-BF4B-00C04F79EFBC}") = "ConferenceMain", "DistributedConference\ConferenceMain.csproj", "{084EE1EC-45F0-446D-A48A-C4732986D8CC}"
EndProject
Project("{FAE04EC0-301F-11D3-BF4B-00C04F79EFBC}") = "ConferenceImageProcessing", "ConferenceImageProcessing\ConferenceImageProcessing.csproj", "{780AEFF9-1B3E-4627-B1F3-BF327C6F7ADF}"
EndProject
Global
	GlobalSection(SolutionConfigurationPlatforms) = preSolution
		Debug|Any CPU = Debug|Any CPU
		Release|Any CPU = Release|Any CPU
	EndGlobalSection
	GlobalSection(ProjectConfigurationPlatforms) = postSolution
		{084EE1EC-45F0-446D-A48A-C4732986D8CC}.Debug|Any CPU.ActiveCfg = Debug|Any CPU
		{084EE1EC-45F0-446D-A48A-C4732986D8CC}.Debug|Any CPU.Build.0 = Debug|Any CPU
		{084EE1EC-45F0-446D-A48A-C4732986D8CC}.Release|Any CPU.ActiveCfg = Release|Any CPU
		{084EE1EC-45F0-446D-A48A-C4732986D8CC}.Release|Any CPU.Build.0 = Release|Any CPU
		{780AEFF9-1B3E-4627-B1F3-BF327C6F7ADF}.Debug|Any CPU.ActiveCfg = Debug|Any CPU
		{780AEFF9-1B3E-4627-B1F3-BF327C6F7ADF}.Debug|Any CPU.Build.0 = Debug|Any CPU
		{780AEFF9-1B3E-4627-B1F3-BF327C6F7ADF}.Release|Any CPU.ActiveCfg = Release|Any CPU
		{780AEFF9-1B3E-4627-B1F3-BF327C6F7ADF}.Release|Any CPU.Build.0 = Release|Any CPU
	EndGlobalSection
	GlobalSection(SolutionProperties) = preSolution
		HideSolutionNode = FALSE
	EndGlobalSection
	GlobalSection(ExtensibilityGlobals) = postSolution
		SolutionGuid = {C9D2AE05-6767-488E-BDC7-E103DD5F0935}
	EndGlobalSection
EndGlobal
